
Microsoft Visual Studio Solution File, Format Version 12.00
# Visual Studio 14
VisualStudioVersion = 14.0.25420.1
MinimumVisualStudioVersion = 10.0.40219.1
Project("{2150E333-8FDC-42A3-9474-1A3956D46DE8}") = "Engine", "Engine", "{E94696D7-6A9F-4AD8-B376-91A712D28294}"
EndProject
Project("{2150E333-8FDC-42A3-9474-1A3956D46DE8}") = "Games", "Games", "{2FC1B5FE-CC1B-478D-AE99-30DFFEB30EE5}"
EndProject
Project("{8BC9CEB8-8B4A-11D0-8D11-00A0C91BC942}") = "UE4", "Intermediate\ProjectFiles\UE4.vcxproj", "{89A966B6-B7BD-4F62-B068-610BE616056A}"
EndProject
Project("{8BC9CEB8-8B4A-11D0-8D11-00A0C91BC942}") = "BuildingEscape", "Intermediate\ProjectFiles\BuildingEscape.vcxproj", "{7562DC18-7B68-47E4-B149-2205D9F7F3CD}"
EndProject
Global
	GlobalSection(SolutionConfigurationPlatforms) = preSolution
		DebugGame Editor|HTML5 = DebugGame Editor|HTML5
		DebugGame Editor|Win32 = DebugGame Editor|Win32
		DebugGame Editor|Win64 = DebugGame Editor|Win64
		DebugGame|HTML5 = DebugGame|HTML5
		DebugGame|Win32 = DebugGame|Win32
		DebugGame|Win64 = DebugGame|Win64
		Development Editor|HTML5 = Development Editor|HTML5
		Development Editor|Win32 = Development Editor|Win32
		Development Editor|Win64 = Development Editor|Win64
		Development|HTML5 = Development|HTML5
		Development|Win32 = Development|Win32
		Development|Win64 = Development|Win64
		Shipping|HTML5 = Shipping|HTML5
		Shipping|Win32 = Shipping|Win32
		Shipping|Win64 = Shipping|Win64
	EndGlobalSection
	GlobalSection(ProjectConfigurationPlatforms) = postSolution
		{89A966B6-B7BD-4F62-B068-610BE616056A}.DebugGame Editor|HTML5.ActiveCfg = BuiltWithUnrealBuildTool|Win32
		{89A966B6-B7BD-4F62-B068-610BE616056A}.DebugGame Editor|HTML5.Build.0 = BuiltWithUnrealBuildTool|Win32
		{89A966B6-B7BD-4F62-B068-610BE616056A}.DebugGame Editor|Win32.ActiveCfg = BuiltWithUnrealBuildTool|Win32
		{89A966B6-B7BD-4F62-B068-610BE616056A}.DebugGame Editor|Win32.Build.0 = BuiltWithUnrealBuildTool|Win32
		{89A966B6-B7BD-4F62-B068-610BE616056A}.DebugGame Editor|Win64.ActiveCfg = BuiltWithUnrealBuildTool|Win32
		{89A966B6-B7BD-4F62-B068-610BE616056A}.DebugGame Editor|Win64.Build.0 = BuiltWithUnrealBuildTool|Win32
		{89A966B6-B7BD-4F62-B068-610BE616056A}.DebugGame|HTML5.ActiveCfg = BuiltWithUnrealBuildTool|Win32
		{89A966B6-B7BD-4F62-B068-610BE616056A}.DebugGame|HTML5.Build.0 = BuiltWithUnrealBuildTool|Win32
		{89A966B6-B7BD-4F62-B068-610BE616056A}.DebugGame|Win32.ActiveCfg = BuiltWithUnrealBuildTool|Win32
		{89A966B6-B7BD-4F62-B068-610BE616056A}.DebugGame|Win32.Build.0 = BuiltWithUnrealBuildTool|Win32
		{89A966B6-B7BD-4F62-B068-610BE616056A}.DebugGame|Win64.ActiveCfg = BuiltWithUnrealBuildTool|Win32
		{89A966B6-B7BD-4F62-B068-610BE616056A}.DebugGame|Win64.Build.0 = BuiltWithUnrealBuildTool|Win32
		{89A966B6-B7BD-4F62-B068-610BE616056A}.Development Editor|HTML5.ActiveCfg = BuiltWithUnrealBuildTool|Win32
		{89A966B6-B7BD-4F62-B068-610BE616056A}.Development Editor|HTML5.Build.0 = BuiltWithUnrealBuildTool|Win32
		{89A966B6-B7BD-4F62-B068-610BE616056A}.Development Editor|Win32.ActiveCfg = BuiltWithUnrealBuildTool|Win32
		{89A966B6-B7BD-4F62-B068-610BE616056A}.Development Editor|Win32.Build.0 = BuiltWithUnrealBuildTool|Win32
		{89A966B6-B7BD-4F62-B068-610BE616056A}.Development Editor|Win64.ActiveCfg = BuiltWithUnrealBuildTool|Win32
		{89A966B6-B7BD-4F62-B068-610BE616056A}.Development Editor|Win64.Build.0 = BuiltWithUnrealBuildTool|Win32
		{89A966B6-B7BD-4F62-B068-610BE616056A}.Development|HTML5.ActiveCfg = BuiltWithUnrealBuildTool|Win32
		{89A966B6-B7BD-4F62-B068-610BE616056A}.Development|HTML5.Build.0 = BuiltWithUnrealBuildTool|Win32
		{89A966B6-B7BD-4F62-B068-610BE616056A}.Development|Win32.ActiveCfg = BuiltWithUnrealBuildTool|Win32
		{89A966B6-B7BD-4F62-B068-610BE616056A}.Development|Win32.Build.0 = BuiltWithUnrealBuildTool|Win32
		{89A966B6-B7BD-4F62-B068-610BE616056A}.Development|Win64.ActiveCfg = BuiltWithUnrealBuildTool|Win32
		{89A966B6-B7BD-4F62-B068-610BE616056A}.Development|Win64.Build.0 = BuiltWithUnrealBuildTool|Win32
		{89A966B6-B7BD-4F62-B068-610BE616056A}.Shipping|HTML5.ActiveCfg = BuiltWithUnrealBuildTool|Win32
		{89A966B6-B7BD-4F62-B068-610BE616056A}.Shipping|HTML5.Build.0 = BuiltWithUnrealBuildTool|Win32
		{89A966B6-B7BD-4F62-B068-610BE616056A}.Shipping|Win32.ActiveCfg = BuiltWithUnrealBuildTool|Win32
		{89A966B6-B7BD-4F62-B068-610BE616056A}.Shipping|Win32.Build.0 = BuiltWithUnrealBuildTool|Win32
		{89A966B6-B7BD-4F62-B068-610BE616056A}.Shipping|Win64.ActiveCfg = BuiltWithUnrealBuildTool|Win32
		{89A966B6-B7BD-4F62-B068-610BE616056A}.Shipping|Win64.Build.0 = BuiltWithUnrealBuildTool|Win32
		{7562DC18-7B68-47E4-B149-2205D9F7F3CD}.DebugGame Editor|HTML5.ActiveCfg = HTML5_DebugGame_Editor|Win32
		{7562DC18-7B68-47E4-B149-2205D9F7F3CD}.DebugGame Editor|Win32.ActiveCfg = DebugGame_Editor|Win32
		{7562DC18-7B68-47E4-B149-2205D9F7F3CD}.DebugGame Editor|Win64.ActiveCfg = DebugGame_Editor|x64
		{7562DC18-7B68-47E4-B149-2205D9F7F3CD}.DebugGame Editor|Win64.Build.0 = DebugGame_Editor|x64
		{7562DC18-7B68-47E4-B149-2205D9F7F3CD}.DebugGame|HTML5.ActiveCfg = HTML5_DebugGame_Game|Win32
		{7562DC18-7B68-47E4-B149-2205D9F7F3CD}.DebugGame|HTML5.Build.0 = HTML5_DebugGame_Game|Win32
		{7562DC18-7B68-47E4-B149-2205D9F7F3CD}.DebugGame|Win32.ActiveCfg = DebugGame_Game|Win32
		{7562DC18-7B68-47E4-B149-2205D9F7F3CD}.DebugGame|Win32.Build.0 = DebugGame_Game|Win32
		{7562DC18-7B68-47E4-B149-2205D9F7F3CD}.DebugGame|Win64.ActiveCfg = DebugGame_Game|x64
		{7562DC18-7B68-47E4-B149-2205D9F7F3CD}.DebugGame|Win64.Build.0 = DebugGame_Game|x64
		{7562DC18-7B68-47E4-B149-2205D9F7F3CD}.Development Editor|HTML5.ActiveCfg = HTML5_Development_Editor|Win32
		{7562DC18-7B68-47E4-B149-2205D9F7F3CD}.Development Editor|Win32.ActiveCfg = Development_Editor|Win32
		{7562DC18-7B68-47E4-B149-2205D9F7F3CD}.Development Editor|Win64.ActiveCfg = Development_Editor|x64
		{7562DC18-7B68-47E4-B149-2205D9F7F3CD}.Development Editor|Win64.Build.0 = Development_Editor|x64
		{7562DC18-7B68-47E4-B149-2205D9F7F3CD}.Development|HTML5.ActiveCfg = HTML5_Development_Game|Win32
		{7562DC18-7B68-47E4-B149-2205D9F7F3CD}.Development|HTML5.Build.0 = HTML5_Development_Game|Win32
		{7562DC18-7B68-47E4-B149-2205D9F7F3CD}.Development|Win32.ActiveCfg = Development_Game|Win32
		{7562DC18-7B68-47E4-B149-2205D9F7F3CD}.Development|Win32.Build.0 = Development_Game|Win32
		{7562DC18-7B68-47E4-B149-2205D9F7F3CD}.Development|Win64.ActiveCfg = Development_Game|x64
		{7562DC18-7B68-47E4-B149-2205D9F7F3CD}.Development|Win64.Build.0 = Development_Game|x64
		{7562DC18-7B68-47E4-B149-2205D9F7F3CD}.Shipping|HTML5.ActiveCfg = HTML5_Shipping_Game|Win32
		{7562DC18-7B68-47E4-B149-2205D9F7F3CD}.Shipping|HTML5.Build.0 = HTML5_Shipping_Game|Win32
		{7562DC18-7B68-47E4-B149-2205D9F7F3CD}.Shipping|Win32.ActiveCfg = Shipping_Game|Win32
		{7562DC18-7B68-47E4-B149-2205D9F7F3CD}.Shipping|Win32.Build.0 = Shipping_Game|Win32
		{7562DC18-7B68-47E4-B149-2205D9F7F3CD}.Shipping|Win64.ActiveCfg = Shipping_Game|x64
		{7562DC18-7B68-47E4-B149-2205D9F7F3CD}.Shipping|Win64.Build.0 = Shipping_Game|x64
	EndGlobalSection
	GlobalSection(SolutionProperties) = preSolution
		HideSolutionNode = FALSE
	EndGlobalSection
	GlobalSection(NestedProjects) = preSolution
		{89A966B6-B7BD-4F62-B068-610BE616056A} = {E94696D7-6A9F-4AD8-B376-91A712D28294}
		{7562DC18-7B68-47E4-B149-2205D9F7F3CD} = {2FC1B5FE-CC1B-478D-AE99-30DFFEB30EE5}
	EndGlobalSection
EndGlobal
